
Microsoft Visual Studio Solution File, Format Version 12.00
# Visual Studio Version 16
VisualStudioVersion = 16.0.31424.327
MinimumVisualStudioVersion = 10.0.40219.1
Project("{FAE04EC0-301F-11D3-BF4B-00C04F79EFBC}") = "aula60", "aula60.csproj", "{CCFF1B6D-28F8-41D3-9E72-2F8446311522}"
EndProject
Global
	GlobalSection(SolutionConfigurationPlatforms) = preSolution
		Debug|Any CPU = Debug|Any CPU
		Release|Any CPU = Release|Any CPU
	EndGlobalSection
	GlobalSection(ProjectConfigurationPlatforms) = postSolution
		{CCFF1B6D-28F8-41D3-9E72-2F8446311522}.Debug|Any CPU.ActiveCfg = Debug|Any CPU
		{CCFF1B6D-28F8-41D3-9E72-2F8446311522}.Debug|Any CPU.Build.0 = Debug|Any CPU
		{CCFF1B6D-28F8-41D3-9E72-2F8446311522}.Release|Any CPU.ActiveCfg = Release|Any CPU
		{CCFF1B6D-28F8-41D3-9E72-2F8446311522}.Release|Any CPU.Build.0 = Release|Any CPU
	EndGlobalSection
	GlobalSection(SolutionProperties) = preSolution
		HideSolutionNode = FALSE
	EndGlobalSection
	GlobalSection(ExtensibilityGlobals) = postSolution
		SolutionGuid = {9A305F28-D504-43B8-B6D0-9D21B73C8A4C}
	EndGlobalSection
EndGlobal
